// !$*UTF8*$!
{
	archiveVersion = 1;
	classes = {
	};
	objectVersion = 51;
	objects = {

/* Begin PBXBuildFile section */
		24B43409BCB31D291C567F27 /* Pods_NaNaMovieLife.framework in Frameworks */ = {isa = PBXBuildFile; fileRef = DCCA57CA49231DFBE667C9C2 /* Pods_NaNaMovieLife.framework */; };
		5EDD6408D3EEC3BEFF78ECBD /* Pods_NaNaMovieLifeTests.framework in Frameworks */ = {isa = PBXBuildFile; fileRef = BE8A7DDF6D5B43EF1C93ABCD /* Pods_NaNaMovieLifeTests.framework */; };
		B21DD6B3264D570D00FC81E1 /* AppDelegate.swift in Sources */ = {isa = PBXBuildFile; fileRef = B21DD6B2264D570D00FC81E1 /* AppDelegate.swift */; };
		B21DD6B5264D570D00FC81E1 /* SceneDelegate.swift in Sources */ = {isa = PBXBuildFile; fileRef = B21DD6B4264D570D00FC81E1 /* SceneDelegate.swift */; };
		B21DD6B7264D570D00FC81E1 /* ViewController.swift in Sources */ = {isa = PBXBuildFile; fileRef = B21DD6B6264D570D00FC81E1 /* ViewController.swift */; };
		B21DD6BA264D570D00FC81E1 /* Main.storyboard in Resources */ = {isa = PBXBuildFile; fileRef = B21DD6B8264D570D00FC81E1 /* Main.storyboard */; };
		B21DD6BC264D570F00FC81E1 /* Assets.xcassets in Resources */ = {isa = PBXBuildFile; fileRef = B21DD6BB264D570F00FC81E1 /* Assets.xcassets */; };
		B21DD6BF264D570F00FC81E1 /* LaunchScreen.storyboard in Resources */ = {isa = PBXBuildFile; fileRef = B21DD6BD264D570F00FC81E1 /* LaunchScreen.storyboard */; };
		B21DD6CA264D571000FC81E1 /* NaNaMovieLifeTests.swift in Sources */ = {isa = PBXBuildFile; fileRef = B21DD6C9264D571000FC81E1 /* NaNaMovieLifeTests.swift */; };
		B21DD6D5264D571000FC81E1 /* NaNaMovieLifeUITests.swift in Sources */ = {isa = PBXBuildFile; fileRef = B21DD6D4264D571000FC81E1 /* NaNaMovieLifeUITests.swift */; };
		B21DD6E3264D583D00FC81E1 /* MovieListsTableViewController.swift in Sources */ = {isa = PBXBuildFile; fileRef = B21DD6E2264D583D00FC81E1 /* MovieListsTableViewController.swift */; };
		B21DD6E5264D5A9100FC81E1 /* TestDataManager.swift in Sources */ = {isa = PBXBuildFile; fileRef = B21DD6E4264D5A9100FC81E1 /* TestDataManager.swift */; };
		B21DD6E7264E31DA00FC81E1 /* MovieListsTableViewCell.swift in Sources */ = {isa = PBXBuildFile; fileRef = B21DD6E6264E31DA00FC81E1 /* MovieListsTableViewCell.swift */; };
		B21DD6EB2650FA6500FC81E1 /* PopularList.swift in Sources */ = {isa = PBXBuildFile; fileRef = B21DD6EA2650FA6500FC81E1 /* PopularList.swift */; };
		B21DD6EE2651080C00FC81E1 /* MovieWebService.swift in Sources */ = {isa = PBXBuildFile; fileRef = B21DD6ED2651080C00FC81E1 /* MovieWebService.swift */; };
		B21DD6F02651083300FC81E1 /* ApiWebService.swift in Sources */ = {isa = PBXBuildFile; fileRef = B21DD6EF2651083300FC81E1 /* ApiWebService.swift */; };
		B21DD6F22653AE8700FC81E1 /* MovieDetalsViewController.swift in Sources */ = {isa = PBXBuildFile; fileRef = B21DD6F12653AE8700FC81E1 /* MovieDetalsViewController.swift */; };
		B21DD6F92654BDAE00FC81E1 /* DetalsList.swift in Sources */ = {isa = PBXBuildFile; fileRef = B21DD6F82654BDAE00FC81E1 /* DetalsList.swift */; };
		B21DD6FF2656B7E300FC81E1 /* UIImageView+LoadUrl.swift in Sources */ = {isa = PBXBuildFile; fileRef = B21DD6FE2656B7E300FC81E1 /* UIImageView+LoadUrl.swift */; };
		B2DF1F75265B99AE001F1B75 /* HomePageViewController.swift in Sources */ = {isa = PBXBuildFile; fileRef = B2DF1F74265B99AE001F1B75 /* HomePageViewController.swift */; };
		B2DF1F82265CDC51001F1B75 /* FavoritesPageTableViewController.swift in Sources */ = {isa = PBXBuildFile; fileRef = B2DF1F81265CDC51001F1B75 /* FavoritesPageTableViewController.swift */; };
		B2DF1F84265CE1A2001F1B75 /* FavoritesPageTableViewCell.swift in Sources */ = {isa = PBXBuildFile; fileRef = B2DF1F83265CE1A2001F1B75 /* FavoritesPageTableViewCell.swift */; };
		B2DF1F8A265E0756001F1B75 /* MovieManager.swift in Sources */ = {isa = PBXBuildFile; fileRef = B2DF1F89265E0756001F1B75 /* MovieManager.swift */; };
		F84EE0B9FE5941D5FD065340 /* Pods_NaNaMovieLife_NaNaMovieLifeUITests.framework in Frameworks */ = {isa = PBXBuildFile; fileRef = BF717BCFC26D0A0DBDFBA87D /* Pods_NaNaMovieLife_NaNaMovieLifeUITests.framework */; };
/* End PBXBuildFile section */

/* Begin PBXContainerItemProxy section */
		B21DD6C6264D571000FC81E1 /* PBXContainerItemProxy */ = {
			isa = PBXContainerItemProxy;
			containerPortal = B21DD6A7264D570D00FC81E1 /* Project object */;
			proxyType = 1;
			remoteGlobalIDString = B21DD6AE264D570D00FC81E1;
			remoteInfo = NaNaMovieLife;
		};
		B21DD6D1264D571000FC81E1 /* PBXContainerItemProxy */ = {
			isa = PBXContainerItemProxy;
			containerPortal = B21DD6A7264D570D00FC81E1 /* Project object */;
			proxyType = 1;
			remoteGlobalIDString = B21DD6AE264D570D00FC81E1;
			remoteInfo = NaNaMovieLife;
		};
/* End PBXContainerItemProxy section */

/* Begin PBXFileReference section */
		0939BA3CB3BFD62D1225CA97 /* Pods-NaNaMovieLife.debug.xcconfig */ = {isa = PBXFileReference; includeInIndex = 1; lastKnownFileType = text.xcconfig; name = "Pods-NaNaMovieLife.debug.xcconfig"; path = "Target Support Files/Pods-NaNaMovieLife/Pods-NaNaMovieLife.debug.xcconfig"; sourceTree = "<group>"; };
		176F724539372B111E0DD5AC /* Pods-NaNaMovieLifeTests.debug.xcconfig */ = {isa = PBXFileReference; includeInIndex = 1; lastKnownFileType = text.xcconfig; name = "Pods-NaNaMovieLifeTests.debug.xcconfig"; path = "Target Support Files/Pods-NaNaMovieLifeTests/Pods-NaNaMovieLifeTests.debug.xcconfig"; sourceTree = "<group>"; };
		2834D7E46AE35A48AEBC42D8 /* Pods-NaNaMovieLife.release.xcconfig */ = {isa = PBXFileReference; includeInIndex = 1; lastKnownFileType = text.xcconfig; name = "Pods-NaNaMovieLife.release.xcconfig"; path = "Target Support Files/Pods-NaNaMovieLife/Pods-NaNaMovieLife.release.xcconfig"; sourceTree = "<group>"; };
		80A08B02BA68AC23E5A2CDD5 /* Pods-NaNaMovieLife-NaNaMovieLifeUITests.debug.xcconfig */ = {isa = PBXFileReference; includeInIndex = 1; lastKnownFileType = text.xcconfig; name = "Pods-NaNaMovieLife-NaNaMovieLifeUITests.debug.xcconfig"; path = "Target Support Files/Pods-NaNaMovieLife-NaNaMovieLifeUITests/Pods-NaNaMovieLife-NaNaMovieLifeUITests.debug.xcconfig"; sourceTree = "<group>"; };
		8F74F821AE4F836809D93B2E /* Pods-NaNaMovieLifeTests.release.xcconfig */ = {isa = PBXFileReference; includeInIndex = 1; lastKnownFileType = text.xcconfig; name = "Pods-NaNaMovieLifeTests.release.xcconfig"; path = "Target Support Files/Pods-NaNaMovieLifeTests/Pods-NaNaMovieLifeTests.release.xcconfig"; sourceTree = "<group>"; };
		B21DD6B2264D570D00FC81E1 /* AppDelegate.swift */ = {isa = PBXFileReference; lastKnownFileType = sourcecode.swift; path = AppDelegate.swift; sourceTree = "<group>"; };
		B21DD6B4264D570D00FC81E1 /* SceneDelegate.swift */ = {isa = PBXFileReference; lastKnownFileType = sourcecode.swift; path = SceneDelegate.swift; sourceTree = "<group>"; };
		B21DD6B6264D570D00FC81E1 /* ViewController.swift */ = {isa = PBXFileReference; lastKnownFileType = sourcecode.swift; path = ViewController.swift; sourceTree = "<group>"; };
		B21DD6B9264D570D00FC81E1 /* Base */ = {isa = PBXFileReference; lastKnownFileType = file.storyboard; name = Base; path = Base.lproj/Main.storyboard; sourceTree = "<group>"; };
		B21DD6BB264D570F00FC81E1 /* Assets.xcassets */ = {isa = PBXFileReference; lastKnownFileType = folder.assetcatalog; path = Assets.xcassets; sourceTree = "<group>"; };
		B21DD6BE264D570F00FC81E1 /* Base */ = {isa = PBXFileReference; lastKnownFileType = file.storyboard; name = Base; path = Base.lproj/LaunchScreen.storyboard; sourceTree = "<group>"; };
		B21DD6C0264D570F00FC81E1 /* Info.plist */ = {isa = PBXFileReference; lastKnownFileType = text.plist.xml; path = Info.plist; sourceTree = "<group>"; };
		B21DD6C9264D571000FC81E1 /* NaNaMovieLifeTests.swift */ = {isa = PBXFileReference; lastKnownFileType = sourcecode.swift; path = NaNaMovieLifeTests.swift; sourceTree = "<group>"; };
		B21DD6CB264D571000FC81E1 /* Info.plist */ = {isa = PBXFileReference; lastKnownFileType = text.plist.xml; path = Info.plist; sourceTree = "<group>"; };
		B21DD6D4264D571000FC81E1 /* NaNaMovieLifeUITests.swift */ = {isa = PBXFileReference; lastKnownFileType = sourcecode.swift; path = NaNaMovieLifeUITests.swift; sourceTree = "<group>"; };
		B21DD6D6264D571000FC81E1 /* Info.plist */ = {isa = PBXFileReference; lastKnownFileType = text.plist.xml; path = Info.plist; sourceTree = "<group>"; };
		B21DD6E2264D583D00FC81E1 /* MovieListsTableViewController.swift */ = {isa = PBXFileReference; fileEncoding = 4; lastKnownFileType = sourcecode.swift; path = MovieListsTableViewController.swift; sourceTree = "<group>"; };
		B21DD6E4264D5A9100FC81E1 /* TestDataManager.swift */ = {isa = PBXFileReference; lastKnownFileType = sourcecode.swift; path = TestDataManager.swift; sourceTree = "<group>"; };
		B21DD6E6264E31DA00FC81E1 /* MovieListsTableViewCell.swift */ = {isa = PBXFileReference; lastKnownFileType = sourcecode.swift; path = MovieListsTableViewCell.swift; sourceTree = "<group>"; };
		B21DD6EA2650FA6500FC81E1 /* PopularList.swift */ = {isa = PBXFileReference; lastKnownFileType = sourcecode.swift; path = PopularList.swift; sourceTree = "<group>"; };
		B21DD6ED2651080C00FC81E1 /* MovieWebService.swift */ = {isa = PBXFileReference; lastKnownFileType = sourcecode.swift; path = MovieWebService.swift; sourceTree = "<group>"; };
		B21DD6EF2651083300FC81E1 /* ApiWebService.swift */ = {isa = PBXFileReference; lastKnownFileType = sourcecode.swift; path = ApiWebService.swift; sourceTree = "<group>"; };
		B21DD6F12653AE8700FC81E1 /* MovieDetalsViewController.swift */ = {isa = PBXFileReference; lastKnownFileType = sourcecode.swift; path = MovieDetalsViewController.swift; sourceTree = "<group>"; };
		B21DD6F82654BDAE00FC81E1 /* DetalsList.swift */ = {isa = PBXFileReference; lastKnownFileType = sourcecode.swift; path = DetalsList.swift; sourceTree = "<group>"; };
		B21DD6FE2656B7E300FC81E1 /* UIImageView+LoadUrl.swift */ = {isa = PBXFileReference; fileEncoding = 4; lastKnownFileType = sourcecode.swift; path = "UIImageView+LoadUrl.swift"; sourceTree = "<group>"; };
		B2DF1F71265B5730001F1B75 /* NaNaMovieLife.app */ = {isa = PBXFileReference; explicitFileType = wrapper.application; includeInIndex = 0; path = NaNaMovieLife.app; sourceTree = BUILT_PRODUCTS_DIR; };
		B2DF1F72265B5730001F1B75 /* NaNaMovieLifeTests.xctest */ = {isa = PBXFileReference; explicitFileType = wrapper.cfbundle; includeInIndex = 0; path = NaNaMovieLifeTests.xctest; sourceTree = BUILT_PRODUCTS_DIR; };
		B2DF1F73265B5730001F1B75 /* NaNaMovieLifeUITests.xctest */ = {isa = PBXFileReference; explicitFileType = wrapper.cfbundle; includeInIndex = 0; path = NaNaMovieLifeUITests.xctest; sourceTree = BUILT_PRODUCTS_DIR; };
		B2DF1F74265B99AE001F1B75 /* HomePageViewController.swift */ = {isa = PBXFileReference; lastKnownFileType = sourcecode.swift; path = HomePageViewController.swift; sourceTree = "<group>"; };
		B2DF1F81265CDC51001F1B75 /* FavoritesPageTableViewController.swift */ = {isa = PBXFileReference; lastKnownFileType = sourcecode.swift; path = FavoritesPageTableViewController.swift; sourceTree = "<group>"; };
		B2DF1F83265CE1A2001F1B75 /* FavoritesPageTableViewCell.swift */ = {isa = PBXFileReference; lastKnownFileType = sourcecode.swift; path = FavoritesPageTableViewCell.swift; sourceTree = "<group>"; };
		B2DF1F89265E0756001F1B75 /* MovieManager.swift */ = {isa = PBXFileReference; lastKnownFileType = sourcecode.swift; path = MovieManager.swift; sourceTree = "<group>"; };
		BE8A7DDF6D5B43EF1C93ABCD /* Pods_NaNaMovieLifeTests.framework */ = {isa = PBXFileReference; explicitFileType = wrapper.framework; includeInIndex = 0; path = Pods_NaNaMovieLifeTests.framework; sourceTree = BUILT_PRODUCTS_DIR; };
		BF717BCFC26D0A0DBDFBA87D /* Pods_NaNaMovieLife_NaNaMovieLifeUITests.framework */ = {isa = PBXFileReference; explicitFileType = wrapper.framework; includeInIndex = 0; path = Pods_NaNaMovieLife_NaNaMovieLifeUITests.framework; sourceTree = BUILT_PRODUCTS_DIR; };
		CBC508A38054079F5371EDE1 /* Pods-NaNaMovieLife-NaNaMovieLifeUITests.release.xcconfig */ = {isa = PBXFileReference; includeInIndex = 1; lastKnownFileType = text.xcconfig; name = "Pods-NaNaMovieLife-NaNaMovieLifeUITests.release.xcconfig"; path = "Target Support Files/Pods-NaNaMovieLife-NaNaMovieLifeUITests/Pods-NaNaMovieLife-NaNaMovieLifeUITests.release.xcconfig"; sourceTree = "<group>"; };
		DCCA57CA49231DFBE667C9C2 /* Pods_NaNaMovieLife.framework */ = {isa = PBXFileReference; explicitFileType = wrapper.framework; includeInIndex = 0; path = Pods_NaNaMovieLife.framework; sourceTree = BUILT_PRODUCTS_DIR; };
/* End PBXFileReference section */

/* Begin PBXFrameworksBuildPhase section */
		B21DD6AC264D570D00FC81E1 /* Frameworks */ = {
			isa = PBXFrameworksBuildPhase;
			buildActionMask = 2147483647;
			files = (
				24B43409BCB31D291C567F27 /* Pods_NaNaMovieLife.framework in Frameworks */,
			);
			runOnlyForDeploymentPostprocessing = 0;
		};
		B21DD6C2264D571000FC81E1 /* Frameworks */ = {
			isa = PBXFrameworksBuildPhase;
			buildActionMask = 2147483647;
			files = (
				5EDD6408D3EEC3BEFF78ECBD /* Pods_NaNaMovieLifeTests.framework in Frameworks */,
			);
			runOnlyForDeploymentPostprocessing = 0;
		};
		B21DD6CD264D571000FC81E1 /* Frameworks */ = {
			isa = PBXFrameworksBuildPhase;
			buildActionMask = 2147483647;
			files = (
				F84EE0B9FE5941D5FD065340 /* Pods_NaNaMovieLife_NaNaMovieLifeUITests.framework in Frameworks */,
			);
			runOnlyForDeploymentPostprocessing = 0;
		};
/* End PBXFrameworksBuildPhase section */

/* Begin PBXGroup section */
		9DF0F1CAC4B9F6A872D9C9D4 /* Frameworks */ = {
			isa = PBXGroup;
			children = (
				DCCA57CA49231DFBE667C9C2 /* Pods_NaNaMovieLife.framework */,
				BF717BCFC26D0A0DBDFBA87D /* Pods_NaNaMovieLife_NaNaMovieLifeUITests.framework */,
				BE8A7DDF6D5B43EF1C93ABCD /* Pods_NaNaMovieLifeTests.framework */,
			);
			name = Frameworks;
			sourceTree = "<group>";
		};
		B21A114B265E831A0062A07F /* Manager */ = {
			isa = PBXGroup;
			children = (
				B2DF1F89265E0756001F1B75 /* MovieManager.swift */,
			);
			path = Manager;
			sourceTree = "<group>";
		};
		B21DD6A6264D570D00FC81E1 = {
			isa = PBXGroup;
			children = (
				B21DD6B1264D570D00FC81E1 /* NaNaMovieLife */,
				B21DD6C8264D571000FC81E1 /* NaNaMovieLifeTests */,
				B21DD6D3264D571000FC81E1 /* NaNaMovieLifeUITests */,
				BC75FA36E1D0813786118C21 /* Pods */,
				9DF0F1CAC4B9F6A872D9C9D4 /* Frameworks */,
				B2DF1F71265B5730001F1B75 /* NaNaMovieLife.app */,
				B2DF1F72265B5730001F1B75 /* NaNaMovieLifeTests.xctest */,
				B2DF1F73265B5730001F1B75 /* NaNaMovieLifeUITests.xctest */,
			);
			sourceTree = "<group>";
		};
		B21DD6B1264D570D00FC81E1 /* NaNaMovieLife */ = {
			isa = PBXGroup;
			children = (
				B21DD6B2264D570D00FC81E1 /* AppDelegate.swift */,
				B21DD6B4264D570D00FC81E1 /* SceneDelegate.swift */,
				B21DD6B6264D570D00FC81E1 /* ViewController.swift */,
				B21DD6E4264D5A9100FC81E1 /* TestDataManager.swift */,
				B21DD6FE2656B7E300FC81E1 /* UIImageView+LoadUrl.swift */,
				B21DD6E8264E31E200FC81E1 /* Movie */,
				B21DD6B8264D570D00FC81E1 /* Main.storyboard */,
				B21DD6BB264D570F00FC81E1 /* Assets.xcassets */,
				B21DD6BD264D570F00FC81E1 /* LaunchScreen.storyboard */,
				B21DD6C0264D570F00FC81E1 /* Info.plist */,
			);
			path = NaNaMovieLife;
			sourceTree = "<group>";
		};
		B21DD6C8264D571000FC81E1 /* NaNaMovieLifeTests */ = {
			isa = PBXGroup;
			children = (
				B21DD6C9264D571000FC81E1 /* NaNaMovieLifeTests.swift */,
				B21DD6CB264D571000FC81E1 /* Info.plist */,
			);
			path = NaNaMovieLifeTests;
			sourceTree = "<group>";
		};
		B21DD6D3264D571000FC81E1 /* NaNaMovieLifeUITests */ = {
			isa = PBXGroup;
			children = (
				B21DD6D4264D571000FC81E1 /* NaNaMovieLifeUITests.swift */,
				B21DD6D6264D571000FC81E1 /* Info.plist */,
			);
			path = NaNaMovieLifeUITests;
			sourceTree = "<group>";
		};
		B21DD6E8264E31E200FC81E1 /* Movie */ = {
			isa = PBXGroup;
			children = (
				B21DD6EC265107E100FC81E1 /* ApiWebService */,
				B21DD6E92650FA2900FC81E1 /* Model */,
				B21A114B265E831A0062A07F /* Manager */,
				B21DD6E2264D583D00FC81E1 /* MovieListsTableViewController.swift */,
				B21DD6E6264E31DA00FC81E1 /* MovieListsTableViewCell.swift */,
				B21DD6F12653AE8700FC81E1 /* MovieDetalsViewController.swift */,
				B2DF1F74265B99AE001F1B75 /* HomePageViewController.swift */,
				B2DF1F81265CDC51001F1B75 /* FavoritesPageTableViewController.swift */,
				B2DF1F83265CE1A2001F1B75 /* FavoritesPageTableViewCell.swift */,
			);
			path = Movie;
			sourceTree = "<group>";
		};
		B21DD6E92650FA2900FC81E1 /* Model */ = {
			isa = PBXGroup;
			children = (
				B21DD6EA2650FA6500FC81E1 /* PopularList.swift */,
				B21DD6F82654BDAE00FC81E1 /* DetalsList.swift */,
			);
			path = Model;
			sourceTree = "<group>";
		};
		B21DD6EC265107E100FC81E1 /* ApiWebService */ = {
			isa = PBXGroup;
			children = (
				B21DD6EF2651083300FC81E1 /* ApiWebService.swift */,
				B21DD6ED2651080C00FC81E1 /* MovieWebService.swift */,
			);
			path = ApiWebService;
			sourceTree = "<group>";
		};
		BC75FA36E1D0813786118C21 /* Pods */ = {
			isa = PBXGroup;
			children = (
				0939BA3CB3BFD62D1225CA97 /* Pods-NaNaMovieLife.debug.xcconfig */,
				2834D7E46AE35A48AEBC42D8 /* Pods-NaNaMovieLife.release.xcconfig */,
				80A08B02BA68AC23E5A2CDD5 /* Pods-NaNaMovieLife-NaNaMovieLifeUITests.debug.xcconfig */,
				CBC508A38054079F5371EDE1 /* Pods-NaNaMovieLife-NaNaMovieLifeUITests.release.xcconfig */,
				176F724539372B111E0DD5AC /* Pods-NaNaMovieLifeTests.debug.xcconfig */,
				8F74F821AE4F836809D93B2E /* Pods-NaNaMovieLifeTests.release.xcconfig */,
			);
			path = Pods;
			sourceTree = "<group>";
		};
/* End PBXGroup section */

/* Begin PBXNativeTarget section */
		B21DD6AE264D570D00FC81E1 /* NaNaMovieLife */ = {
			isa = PBXNativeTarget;
			buildConfigurationList = B21DD6D9264D571000FC81E1 /* Build configuration list for PBXNativeTarget "NaNaMovieLife" */;
			buildPhases = (
				8FCDDA89A384B65716202C3F /* [CP] Check Pods Manifest.lock */,
				B21DD6AB264D570D00FC81E1 /* Sources */,
				B21DD6AC264D570D00FC81E1 /* Frameworks */,
				B21DD6AD264D570D00FC81E1 /* Resources */,
				4C305E3DFE70C3642090D110 /* [CP] Embed Pods Frameworks */,
			);
			buildRules = (
			);
			dependencies = (
			);
			name = NaNaMovieLife;
			productName = NaNaMovieLife;
			productReference = B2DF1F71265B5730001F1B75 /* NaNaMovieLife.app */;
			productType = "com.apple.product-type.application";
		};
		B21DD6C4264D571000FC81E1 /* NaNaMovieLifeTests */ = {
			isa = PBXNativeTarget;
			buildConfigurationList = B21DD6DC264D571000FC81E1 /* Build configuration list for PBXNativeTarget "NaNaMovieLifeTests" */;
			buildPhases = (
				773F3A77908582B00D6D2387 /* [CP] Check Pods Manifest.lock */,
				B21DD6C1264D571000FC81E1 /* Sources */,
				B21DD6C2264D571000FC81E1 /* Frameworks */,
				B21DD6C3264D571000FC81E1 /* Resources */,
			);
			buildRules = (
			);
			dependencies = (
				B21DD6C7264D571000FC81E1 /* PBXTargetDependency */,
			);
			name = NaNaMovieLifeTests;
			productName = NaNaMovieLifeTests;
			productReference = B2DF1F72265B5730001F1B75 /* NaNaMovieLifeTests.xctest */;
			productType = "com.apple.product-type.bundle.unit-test";
		};
		B21DD6CF264D571000FC81E1 /* NaNaMovieLifeUITests */ = {
			isa = PBXNativeTarget;
			buildConfigurationList = B21DD6DF264D571000FC81E1 /* Build configuration list for PBXNativeTarget "NaNaMovieLifeUITests" */;
			buildPhases = (
				EA1774D9F251E97CD25E3D02 /* [CP] Check Pods Manifest.lock */,
				B21DD6CC264D571000FC81E1 /* Sources */,
				B21DD6CD264D571000FC81E1 /* Frameworks */,
				B21DD6CE264D571000FC81E1 /* Resources */,
				94A066C2E5823EA9E7D0E076 /* [CP] Embed Pods Frameworks */,
			);
			buildRules = (
			);
			dependencies = (
				B21DD6D2264D571000FC81E1 /* PBXTargetDependency */,
			);
			name = NaNaMovieLifeUITests;
			productName = NaNaMovieLifeUITests;
			productReference = B2DF1F73265B5730001F1B75 /* NaNaMovieLifeUITests.xctest */;
			productType = "com.apple.product-type.bundle.ui-testing";
		};
/* End PBXNativeTarget section */

/* Begin PBXProject section */
		B21DD6A7264D570D00FC81E1 /* Project object */ = {
			isa = PBXProject;
			attributes = {
				LastSwiftUpdateCheck = 1250;
				LastUpgradeCheck = 1250;
				TargetAttributes = {
					B21DD6AE264D570D00FC81E1 = {
						CreatedOnToolsVersion = 12.5;
					};
					B21DD6C4264D571000FC81E1 = {
						CreatedOnToolsVersion = 12.5;
						TestTargetID = B21DD6AE264D570D00FC81E1;
					};
					B21DD6CF264D571000FC81E1 = {
						CreatedOnToolsVersion = 12.5;
						TestTargetID = B21DD6AE264D570D00FC81E1;
					};
				};
			};
			buildConfigurationList = B21DD6AA264D570D00FC81E1 /* Build configuration list for PBXProject "NaNaMovieLife" */;
			compatibilityVersion = "Xcode 9.3";
			developmentRegion = en;
			hasScannedForEncodings = 0;
			knownRegions = (
				en,
				Base,
			);
			mainGroup = B21DD6A6264D570D00FC81E1;
			productRefGroup = B21DD6A6264D570D00FC81E1;
			projectDirPath = "";
			projectRoot = "";
			targets = (
				B21DD6AE264D570D00FC81E1 /* NaNaMovieLife */,
				B21DD6C4264D571000FC81E1 /* NaNaMovieLifeTests */,
				B21DD6CF264D571000FC81E1 /* NaNaMovieLifeUITests */,
			);
		};
/* End PBXProject section */

/* Begin PBXResourcesBuildPhase section */
		B21DD6AD264D570D00FC81E1 /* Resources */ = {
			isa = PBXResourcesBuildPhase;
			buildActionMask = 2147483647;
			files = (
				B21DD6BF264D570F00FC81E1 /* LaunchScreen.storyboard in Resources */,
				B21DD6BC264D570F00FC81E1 /* Assets.xcassets in Resources */,
				B21DD6BA264D570D00FC81E1 /* Main.storyboard in Resources */,
			);
			runOnlyForDeploymentPostprocessing = 0;
		};
		B21DD6C3264D571000FC81E1 /* Resources */ = {
			isa = PBXResourcesBuildPhase;
			buildActionMask = 2147483647;
			files = (
			);
			runOnlyForDeploymentPostprocessing = 0;
		};
		B21DD6CE264D571000FC81E1 /* Resources */ = {
			isa = PBXResourcesBuildPhase;
			buildActionMask = 2147483647;
			files = (
			);
			runOnlyForDeploymentPostprocessing = 0;
		};
/* End PBXResourcesBuildPhase section */

/* Begin PBXShellScriptBuildPhase section */
		4C305E3DFE70C3642090D110 /* [CP] Embed Pods Frameworks */ = {
			isa = PBXShellScriptBuildPhase;
			buildActionMask = 2147483647;
			files = (
			);
			inputFileListPaths = (
				"${PODS_ROOT}/Target Support Files/Pods-NaNaMovieLife/Pods-NaNaMovieLife-frameworks-${CONFIGURATION}-input-files.xcfilelist",
			);
			name = "[CP] Embed Pods Frameworks";
			outputFileListPaths = (
				"${PODS_ROOT}/Target Support Files/Pods-NaNaMovieLife/Pods-NaNaMovieLife-frameworks-${CONFIGURATION}-output-files.xcfilelist",
			);
			runOnlyForDeploymentPostprocessing = 0;
			shellPath = /bin/sh;
			shellScript = "\"${PODS_ROOT}/Target Support Files/Pods-NaNaMovieLife/Pods-NaNaMovieLife-frameworks.sh\"\n";
			showEnvVarsInLog = 0;
		};
		773F3A77908582B00D6D2387 /* [CP] Check Pods Manifest.lock */ = {
			isa = PBXShellScriptBuildPhase;
			buildActionMask = 2147483647;
			files = (
			);
			inputFileListPaths = (
			);
			inputPaths = (
				"${PODS_PODFILE_DIR_PATH}/Podfile.lock",
				"${PODS_ROOT}/Manifest.lock",
			);
			name = "[CP] Check Pods Manifest.lock";
			outputFileListPaths = (
			);
			outputPaths = (
				"$(DERIVED_FILE_DIR)/Pods-NaNaMovieLifeTests-checkManifestLockResult.txt",
			);
			runOnlyForDeploymentPostprocessing = 0;
			shellPath = /bin/sh;
			shellScript = "diff \"${PODS_PODFILE_DIR_PATH}/Podfile.lock\" \"${PODS_ROOT}/Manifest.lock\" > /dev/null\nif [ $? != 0 ] ; then\n    # print error to STDERR\n    echo \"error: The sandbox is not in sync with the Podfile.lock. Run 'pod install' or update your CocoaPods installation.\" >&2\n    exit 1\nfi\n# This output is used by Xcode 'outputs' to avoid re-running this script phase.\necho \"SUCCESS\" > \"${SCRIPT_OUTPUT_FILE_0}\"\n";
			showEnvVarsInLog = 0;
		};
		8FCDDA89A384B65716202C3F /* [CP] Check Pods Manifest.lock */ = {
			isa = PBXShellScriptBuildPhase;
			buildActionMask = 2147483647;
			files = (
			);
			inputFileListPaths = (
			);
			inputPaths = (
				"${PODS_PODFILE_DIR_PATH}/Podfile.lock",
				"${PODS_ROOT}/Manifest.lock",
			);
			name = "[CP] Check Pods Manifest.lock";
			outputFileListPaths = (
			);
			outputPaths = (
				"$(DERIVED_FILE_DIR)/Pods-NaNaMovieLife-checkManifestLockResult.txt",
			);
			runOnlyForDeploymentPostprocessing = 0;
			shellPath = /bin/sh;
			shellScript = "diff \"${PODS_PODFILE_DIR_PATH}/Podfile.lock\" \"${PODS_ROOT}/Manifest.lock\" > /dev/null\nif [ $? != 0 ] ; then\n    # print error to STDERR\n    echo \"error: The sandbox is not in sync with the Podfile.lock. Run 'pod install' or update your CocoaPods installation.\" >&2\n    exit 1\nfi\n# This output is used by Xcode 'outputs' to avoid re-running this script phase.\necho \"SUCCESS\" > \"${SCRIPT_OUTPUT_FILE_0}\"\n";
			showEnvVarsInLog = 0;
		};
		94A066C2E5823EA9E7D0E076 /* [CP] Embed Pods Frameworks */ = {
			isa = PBXShellScriptBuildPhase;
			buildActionMask = 2147483647;
			files = (
			);
			inputFileListPaths = (
				"${PODS_ROOT}/Target Support Files/Pods-NaNaMovieLife-NaNaMovieLifeUITests/Pods-NaNaMovieLife-NaNaMovieLifeUITests-frameworks-${CONFIGURATION}-input-files.xcfilelist",
			);
			name = "[CP] Embed Pods Frameworks";
			outputFileListPaths = (
				"${PODS_ROOT}/Target Support Files/Pods-NaNaMovieLife-NaNaMovieLifeUITests/Pods-NaNaMovieLife-NaNaMovieLifeUITests-frameworks-${CONFIGURATION}-output-files.xcfilelist",
			);
			runOnlyForDeploymentPostprocessing = 0;
			shellPath = /bin/sh;
			shellScript = "\"${PODS_ROOT}/Target Support Files/Pods-NaNaMovieLife-NaNaMovieLifeUITests/Pods-NaNaMovieLife-NaNaMovieLifeUITests-frameworks.sh\"\n";
			showEnvVarsInLog = 0;
		};
		EA1774D9F251E97CD25E3D02 /* [CP] Check Pods Manifest.lock */ = {
			isa = PBXShellScriptBuildPhase;
			buildActionMask = 2147483647;
			files = (
			);
			inputFileListPaths = (
			);
			inputPaths = (
				"${PODS_PODFILE_DIR_PATH}/Podfile.lock",
				"${PODS_ROOT}/Manifest.lock",
			);
			name = "[CP] Check Pods Manifest.lock";
			outputFileListPaths = (
			);
			outputPaths = (
				"$(DERIVED_FILE_DIR)/Pods-NaNaMovieLife-NaNaMovieLifeUITests-checkManifestLockResult.txt",
			);
			runOnlyForDeploymentPostprocessing = 0;
			shellPath = /bin/sh;
			shellScript = "diff \"${PODS_PODFILE_DIR_PATH}/Podfile.lock\" \"${PODS_ROOT}/Manifest.lock\" > /dev/null\nif [ $? != 0 ] ; then\n    # print error to STDERR\n    echo \"error: The sandbox is not in sync with the Podfile.lock. Run 'pod install' or update your CocoaPods installation.\" >&2\n    exit 1\nfi\n# This output is used by Xcode 'outputs' to avoid re-running this script phase.\necho \"SUCCESS\" > \"${SCRIPT_OUTPUT_FILE_0}\"\n";
			showEnvVarsInLog = 0;
		};
/* End PBXShellScriptBuildPhase section */

/* Begin PBXSourcesBuildPhase section */
		B21DD6AB264D570D00FC81E1 /* Sources */ = {
			isa = PBXSourcesBuildPhase;
			buildActionMask = 2147483647;
			files = (
				B2DF1F8A265E0756001F1B75 /* MovieManager.swift in Sources */,
				B21DD6E7264E31DA00FC81E1 /* MovieListsTableViewCell.swift in Sources */,
				B21DD6E5264D5A9100FC81E1 /* TestDataManager.swift in Sources */,
				B21DD6FF2656B7E300FC81E1 /* UIImageView+LoadUrl.swift in Sources */,
				B21DD6F22653AE8700FC81E1 /* MovieDetalsViewController.swift in Sources */,
				B2DF1F82265CDC51001F1B75 /* FavoritesPageTableViewController.swift in Sources */,
				B21DD6F92654BDAE00FC81E1 /* DetalsList.swift in Sources */,
				B21DD6E3264D583D00FC81E1 /* MovieListsTableViewController.swift in Sources */,
				B21DD6B7264D570D00FC81E1 /* ViewController.swift in Sources */,
				B2DF1F75265B99AE001F1B75 /* HomePageViewController.swift in Sources */,
				B2DF1F84265CE1A2001F1B75 /* FavoritesPageTableViewCell.swift in Sources */,
				B21DD6B3264D570D00FC81E1 /* AppDelegate.swift in Sources */,
				B21DD6F02651083300FC81E1 /* ApiWebService.swift in Sources */,
				B21DD6EB2650FA6500FC81E1 /* PopularList.swift in Sources */,
				B21DD6B5264D570D00FC81E1 /* SceneDelegate.swift in Sources */,
				B21DD6EE2651080C00FC81E1 /* MovieWebService.swift in Sources */,
			);
			runOnlyForDeploymentPostprocessing = 0;
		};
		B21DD6C1264D571000FC81E1 /* Sources */ = {
			isa = PBXSourcesBuildPhase;
			buildActionMask = 2147483647;
			files = (
				B21DD6CA264D571000FC81E1 /* NaNaMovieLifeTests.swift in Sources */,
			);
			runOnlyForDeploymentPostprocessing = 0;
		};
		B21DD6CC264D571000FC81E1 /* Sources */ = {
			isa = PBXSourcesBuildPhase;
			buildActionMask = 2147483647;
			files = (
				B21DD6D5264D571000FC81E1 /* NaNaMovieLifeUITests.swift in Sources */,
			);
			runOnlyForDeploymentPostprocessing = 0;
		};
/* End PBXSourcesBuildPhase section */

/* Begin PBXTargetDependency section */
		B21DD6C7264D571000FC81E1 /* PBXTargetDependency */ = {
			isa = PBXTargetDependency;
			target = B21DD6AE264D570D00FC81E1 /* NaNaMovieLife */;
			targetProxy = B21DD6C6264D571000FC81E1 /* PBXContainerItemProxy */;
		};
		B21DD6D2264D571000FC81E1 /* PBXTargetDependency */ = {
			isa = PBXTargetDependency;
			target = B21DD6AE264D570D00FC81E1 /* NaNaMovieLife */;
			targetProxy = B21DD6D1264D571000FC81E1 /* PBXContainerItemProxy */;
		};
/* End PBXTargetDependency section */

/* Begin PBXVariantGroup section */
		B21DD6B8264D570D00FC81E1 /* Main.storyboard */ = {
			isa = PBXVariantGroup;
			children = (
				B21DD6B9264D570D00FC81E1 /* Base */,
			);
			name = Main.storyboard;
			sourceTree = "<group>";
		};
		B21DD6BD264D570F00FC81E1 /* LaunchScreen.storyboard */ = {
			isa = PBXVariantGroup;
			children = (
				B21DD6BE264D570F00FC81E1 /* Base */,
			);
			name = LaunchScreen.storyboard;
			sourceTree = "<group>";
		};
/* End PBXVariantGroup section */

/* Begin XCBuildConfiguration section */
		B21DD6D7264D571000FC81E1 /* Debug */ = {
			isa = XCBuildConfiguration;
			buildSettings = {
				ALWAYS_SEARCH_USER_PATHS = NO;
				CLANG_ANALYZER_NONNULL = YES;
				CLANG_ANALYZER_NUMBER_OBJECT_CONVERSION = YES_AGGRESSIVE;
				CLANG_CXX_LANGUAGE_STANDARD = "gnu++14";
				CLANG_CXX_LIBRARY = "libc++";
				CLANG_ENABLE_MODULES = YES;
				CLANG_ENABLE_OBJC_ARC = YES;
				CLANG_ENABLE_OBJC_WEAK = YES;
				CLANG_WARN_BLOCK_CAPTURE_AUTORELEASING = YES;
				CLANG_WARN_BOOL_CONVERSION = YES;
				CLANG_WARN_COMMA = YES;
				CLANG_WARN_CONSTANT_CONVERSION = YES;
				CLANG_WARN_DEPRECATED_OBJC_IMPLEMENTATIONS = YES;
				CLANG_WARN_DIRECT_OBJC_ISA_USAGE = YES_ERROR;
				CLANG_WARN_DOCUMENTATION_COMMENTS = YES;
				CLANG_WARN_EMPTY_BODY = YES;
				CLANG_WARN_ENUM_CONVERSION = YES;
				CLANG_WARN_INFINITE_RECURSION = YES;
				CLANG_WARN_INT_CONVERSION = YES;
				CLANG_WARN_NON_LITERAL_NULL_CONVERSION = YES;
				CLANG_WARN_OBJC_IMPLICIT_RETAIN_SELF = YES;
				CLANG_WARN_OBJC_LITERAL_CONVERSION = YES;
				CLANG_WARN_OBJC_ROOT_CLASS = YES_ERROR;
				CLANG_WARN_QUOTED_INCLUDE_IN_FRAMEWORK_HEADER = YES;
				CLANG_WARN_RANGE_LOOP_ANALYSIS = YES;
				CLANG_WARN_STRICT_PROTOTYPES = YES;
				CLANG_WARN_SUSPICIOUS_MOVE = YES;
				CLANG_WARN_UNGUARDED_AVAILABILITY = YES_AGGRESSIVE;
				CLANG_WARN_UNREACHABLE_CODE = YES;
				CLANG_WARN__DUPLICATE_METHOD_MATCH = YES;
				COPY_PHASE_STRIP = NO;
				DEBUG_INFORMATION_FORMAT = dwarf;
				ENABLE_STRICT_OBJC_MSGSEND = YES;
				ENABLE_TESTABILITY = YES;
				GCC_C_LANGUAGE_STANDARD = gnu11;
				GCC_DYNAMIC_NO_PIC = NO;
				GCC_NO_COMMON_BLOCKS = YES;
				GCC_OPTIMIZATION_LEVEL = 0;
				GCC_PREPROCESSOR_DEFINITIONS = (
					"DEBUG=1",
					"$(inherited)",
				);
				GCC_WARN_64_TO_32_BIT_CONVERSION = YES;
				GCC_WARN_ABOUT_RETURN_TYPE = YES_ERROR;
				GCC_WARN_UNDECLARED_SELECTOR = YES;
				GCC_WARN_UNINITIALIZED_AUTOS = YES_AGGRESSIVE;
				GCC_WARN_UNUSED_FUNCTION = YES;
				GCC_WARN_UNUSED_VARIABLE = YES;
				IPHONEOS_DEPLOYMENT_TARGET = 14.5;
				MTL_ENABLE_DEBUG_INFO = INCLUDE_SOURCE;
				MTL_FAST_MATH = YES;
				ONLY_ACTIVE_ARCH = YES;
				SDKROOT = iphoneos;
				SWIFT_ACTIVE_COMPILATION_CONDITIONS = DEBUG;
				SWIFT_OPTIMIZATION_LEVEL = "-Onone";
			};
			name = Debug;
		};
		B21DD6D8264D571000FC81E1 /* Release */ = {
			isa = XCBuildConfiguration;
			buildSettings = {
				ALWAYS_SEARCH_USER_PATHS = NO;
				CLANG_ANALYZER_NONNULL = YES;
				CLANG_ANALYZER_NUMBER_OBJECT_CONVERSION = YES_AGGRESSIVE;
				CLANG_CXX_LANGUAGE_STANDARD = "gnu++14";
				CLANG_CXX_LIBRARY = "libc++";
				CLANG_ENABLE_MODULES = YES;
				CLANG_ENABLE_OBJC_ARC = YES;
				CLANG_ENABLE_OBJC_WEAK = YES;
				CLANG_WARN_BLOCK_CAPTURE_AUTORELEASING = YES;
				CLANG_WARN_BOOL_CONVERSION = YES;
				CLANG_WARN_COMMA = YES;
				CLANG_WARN_CONSTANT_CONVERSION = YES;
				CLANG_WARN_DEPRECATED_OBJC_IMPLEMENTATIONS = YES;
				CLANG_WARN_DIRECT_OBJC_ISA_USAGE = YES_ERROR;
				CLANG_WARN_DOCUMENTATION_COMMENTS = YES;
				CLANG_WARN_EMPTY_BODY = YES;
				CLANG_WARN_ENUM_CONVERSION = YES;
				CLANG_WARN_INFINITE_RECURSION = YES;
				CLANG_WARN_INT_CONVERSION = YES;
				CLANG_WARN_NON_LITERAL_NULL_CONVERSION = YES;
				CLANG_WARN_OBJC_IMPLICIT_RETAIN_SELF = YES;
				CLANG_WARN_OBJC_LITERAL_CONVERSION = YES;
				CLANG_WARN_OBJC_ROOT_CLASS = YES_ERROR;
				CLANG_WARN_QUOTED_INCLUDE_IN_FRAMEWORK_HEADER = YES;
				CLANG_WARN_RANGE_LOOP_ANALYSIS = YES;
				CLANG_WARN_STRICT_PROTOTYPES = YES;
				CLANG_WARN_SUSPICIOUS_MOVE = YES;
				CLANG_WARN_UNGUARDED_AVAILABILITY = YES_AGGRESSIVE;
				CLANG_WARN_UNREACHABLE_CODE = YES;
				CLANG_WARN__DUPLICATE_METHOD_MATCH = YES;
				COPY_PHASE_STRIP = NO;
				DEBUG_INFORMATION_FORMAT = "dwarf-with-dsym";
				ENABLE_NS_ASSERTIONS = NO;
				ENABLE_STRICT_OBJC_MSGSEND = YES;
				GCC_C_LANGUAGE_STANDARD = gnu11;
				GCC_NO_COMMON_BLOCKS = YES;
				GCC_WARN_64_TO_32_BIT_CONVERSION = YES;
				GCC_WARN_ABOUT_RETURN_TYPE = YES_ERROR;
				GCC_WARN_UNDECLARED_SELECTOR = YES;
				GCC_WARN_UNINITIALIZED_AUTOS = YES_AGGRESSIVE;
				GCC_WARN_UNUSED_FUNCTION = YES;
				GCC_WARN_UNUSED_VARIABLE = YES;
				IPHONEOS_DEPLOYMENT_TARGET = 14.5;
				MTL_ENABLE_DEBUG_INFO = NO;
				MTL_FAST_MATH = YES;
				SDKROOT = iphoneos;
				SWIFT_COMPILATION_MODE = wholemodule;
				SWIFT_OPTIMIZATION_LEVEL = "-O";
				VALIDATE_PRODUCT = YES;
			};
			name = Release;
		};
		B21DD6DA264D571000FC81E1 /* Debug */ = {
			isa = XCBuildConfiguration;
			baseConfigurationReference = 0939BA3CB3BFD62D1225CA97 /* Pods-NaNaMovieLife.debug.xcconfig */;
			buildSettings = {
				ASSETCATALOG_COMPILER_APPICON_NAME = AppIcon;
				ASSETCATALOG_COMPILER_GLOBAL_ACCENT_COLOR_NAME = AccentColor;
				CODE_SIGN_STYLE = Automatic;
				INFOPLIST_FILE = NaNaMovieLife/Info.plist;
				LD_RUNPATH_SEARCH_PATHS = (
					"$(inherited)",
					"@executable_path/Frameworks",
				);
				PRODUCT_BUNDLE_IDENTIFIER = com.NaDaiCompany.NaNaMovieLife;
				PRODUCT_NAME = "$(TARGET_NAME)";
				SWIFT_VERSION = 5.0;
				TARGETED_DEVICE_FAMILY = "1,2";
			};
			name = Debug;
		};
		B21DD6DB264D571000FC81E1 /* Release */ = {
			isa = XCBuildConfiguration;
			baseConfigurationReference = 2834D7E46AE35A48AEBC42D8 /* Pods-NaNaMovieLife.release.xcconfig */;
			buildSettings = {
				ASSETCATALOG_COMPILER_APPICON_NAME = AppIcon;
				ASSETCATALOG_COMPILER_GLOBAL_ACCENT_COLOR_NAME = AccentColor;
				CODE_SIGN_STYLE = Automatic;
				INFOPLIST_FILE = NaNaMovieLife/Info.plist;
				LD_RUNPATH_SEARCH_PATHS = (
					"$(inherited)",
					"@executable_path/Frameworks",
				);
				PRODUCT_BUNDLE_IDENTIFIER = com.NaDaiCompany.NaNaMovieLife;
				PRODUCT_NAME = "$(TARGET_NAME)";
				SWIFT_VERSION = 5.0;
				TARGETED_DEVICE_FAMILY = "1,2";
			};
			name = Release;
		};
		B21DD6DD264D571000FC81E1 /* Debug */ = {
			isa = XCBuildConfiguration;
			baseConfigurationReference = 176F724539372B111E0DD5AC /* Pods-NaNaMovieLifeTests.debug.xcconfig */;
			buildSettings = {
				ALWAYS_EMBED_SWIFT_STANDARD_LIBRARIES = YES;
				BUNDLE_LOADER = "$(TEST_HOST)";
				CODE_SIGN_STYLE = Automatic;
				INFOPLIST_FILE = NaNaMovieLifeTests/Info.plist;
				IPHONEOS_DEPLOYMENT_TARGET = 14.5;
				LD_RUNPATH_SEARCH_PATHS = (
					"$(inherited)",
					"@executable_path/Frameworks",
					"@loader_path/Frameworks",
				);
				PRODUCT_BUNDLE_IDENTIFIER = com.NaDaiCompany.NaNaMovieLifeTests;
				PRODUCT_NAME = "$(TARGET_NAME)";
				SWIFT_VERSION = 5.0;
				TARGETED_DEVICE_FAMILY = "1,2";
				TEST_HOST = "$(BUILT_PRODUCTS_DIR)/NaNaMovieLife.app/NaNaMovieLife";
			};
			name = Debug;
		};
		B21DD6DE264D571000FC81E1 /* Release */ = {
			isa = XCBuildConfiguration;
			baseConfigurationReference = 8F74F821AE4F836809D93B2E /* Pods-NaNaMovieLifeTests.release.xcconfig */;
			buildSettings = {
				ALWAYS_EMBED_SWIFT_STANDARD_LIBRARIES = YES;
				BUNDLE_LOADER = "$(TEST_HOST)";
				CODE_SIGN_STYLE = Automatic;
				INFOPLIST_FILE = NaNaMovieLifeTests/Info.plist;
				IPHONEOS_DEPLOYMENT_TARGET = 14.5;
				LD_RUNPATH_SEARCH_PATHS = (
					"$(inherited)",
					"@executable_path/Frameworks",
					"@loader_path/Frameworks",
				);
				PRODUCT_BUNDLE_IDENTIFIER = com.NaDaiCompany.NaNaMovieLifeTests;
				PRODUCT_NAME = "$(TARGET_NAME)";
				SWIFT_VERSION = 5.0;
				TARGETED_DEVICE_FAMILY = "1,2";
				TEST_HOST = "$(BUILT_PRODUCTS_DIR)/NaNaMovieLife.app/NaNaMovieLife";
			};
			name = Release;
		};
		B21DD6E0264D571000FC81E1 /* Debug */ = {
			isa = XCBuildConfiguration;
			baseConfigurationReference = 80A08B02BA68AC23E5A2CDD5 /* Pods-NaNaMovieLife-NaNaMovieLifeUITests.debug.xcconfig */;
			buildSettings = {
				ALWAYS_EMBED_SWIFT_STANDARD_LIBRARIES = YES;
				CODE_SIGN_STYLE = Automatic;
				INFOPLIST_FILE = NaNaMovieLifeUITests/Info.plist;
				LD_RUNPATH_SEARCH_PATHS = (
					"$(inherited)",
					"@executable_path/Frameworks",
					"@loader_path/Frameworks",
				);
				PRODUCT_BUNDLE_IDENTIFIER = com.NaDaiCompany.NaNaMovieLifeUITests;
				PRODUCT_NAME = "$(TARGET_NAME)";
				SWIFT_VERSION = 5.0;
				TARGETED_DEVICE_FAMILY = "1,2";
				TEST_TARGET_NAME = NaNaMovieLife;
			};
			name = Debug;
		};
		B21DD6E1264D571000FC81E1 /* Release */ = {
			isa = XCBuildConfiguration;
			baseConfigurationReference = CBC508A38054079F5371EDE1 /* Pods-NaNaMovieLife-NaNaMovieLifeUITests.release.xcconfig */;
			buildSettings = {
				ALWAYS_EMBED_SWIFT_STANDARD_LIBRARIES = YES;
				CODE_SIGN_STYLE = Automatic;
				INFOPLIST_FILE = NaNaMovieLifeUITests/Info.plist;
				LD_RUNPATH_SEARCH_PATHS = (
					"$(inherited)",
					"@executable_path/Frameworks",
					"@loader_path/Frameworks",
				);
				PRODUCT_BUNDLE_IDENTIFIER = com.NaDaiCompany.NaNaMovieLifeUITests;
				PRODUCT_NAME = "$(TARGET_NAME)";
				SWIFT_VERSION = 5.0;
				TARGETED_DEVICE_FAMILY = "1,2";
				TEST_TARGET_NAME = NaNaMovieLife;
			};
			name = Release;
		};
/* End XCBuildConfiguration section */

/* Begin XCConfigurationList section */
		B21DD6AA264D570D00FC81E1 /* Build configuration list for PBXProject "NaNaMovieLife" */ = {
			isa = XCConfigurationList;
			buildConfigurations = (
				B21DD6D7264D571000FC81E1 /* Debug */,
				B21DD6D8264D571000FC81E1 /* Release */,
			);
			defaultConfigurationIsVisible = 0;
			defaultConfigurationName = Release;
		};
		B21DD6D9264D571000FC81E1 /* Build configuration list for PBXNativeTarget "NaNaMovieLife" */ = {
			isa = XCConfigurationList;
			buildConfigurations = (
				B21DD6DA264D571000FC81E1 /* Debug */,
				B21DD6DB264D571000FC81E1 /* Release */,
			);
			defaultConfigurationIsVisible = 0;
			defaultConfigurationName = Release;
		};
		B21DD6DC264D571000FC81E1 /* Build configuration list for PBXNativeTarget "NaNaMovieLifeTests" */ = {
			isa = XCConfigurationList;
			buildConfigurations = (
				B21DD6DD264D571000FC81E1 /* Debug */,
				B21DD6DE264D571000FC81E1 /* Release */,
			);
			defaultConfigurationIsVisible = 0;
			defaultConfigurationName = Release;
		};
		B21DD6DF264D571000FC81E1 /* Build configuration list for PBXNativeTarget "NaNaMovieLifeUITests" */ = {
			isa = XCConfigurationList;
			buildConfigurations = (
				B21DD6E0264D571000FC81E1 /* Debug */,
				B21DD6E1264D571000FC81E1 /* Release */,
			);
			defaultConfigurationIsVisible = 0;
			defaultConfigurationName = Release;
		};
/* End XCConfigurationList section */
	};
	rootObject = B21DD6A7264D570D00FC81E1 /* Project object */;
}
